
Microsoft Visual Studio Solution File, Format Version 12.00
# Visual Studio Version 16
VisualStudioVersion = 16.0.31205.134
MinimumVisualStudioVersion = 10.0.40219.1
Project("{FAE04EC0-301F-11D3-BF4B-00C04F79EFBC}") = "PruebaMVC2", "PruebaMVC2\PruebaMVC2.csproj", "{411FC90D-E238-4F96-9386-D07DFA9DBDED}"
EndProject
Global
	GlobalSection(SolutionConfigurationPlatforms) = preSolution
		Debug|Any CPU = Debug|Any CPU
		Release|Any CPU = Release|Any CPU
	EndGlobalSection
	GlobalSection(ProjectConfigurationPlatforms) = postSolution
		{411FC90D-E238-4F96-9386-D07DFA9DBDED}.Debug|Any CPU.ActiveCfg = Debug|Any CPU
		{411FC90D-E238-4F96-9386-D07DFA9DBDED}.Debug|Any CPU.Build.0 = Debug|Any CPU
		{411FC90D-E238-4F96-9386-D07DFA9DBDED}.Release|Any CPU.ActiveCfg = Release|Any CPU
		{411FC90D-E238-4F96-9386-D07DFA9DBDED}.Release|Any CPU.Build.0 = Release|Any CPU
	EndGlobalSection
	GlobalSection(SolutionProperties) = preSolution
		HideSolutionNode = FALSE
	EndGlobalSection
	GlobalSection(ExtensibilityGlobals) = postSolution
		SolutionGuid = {FCCF89F3-B488-4805-9868-8C88D54BE4C4}
	EndGlobalSection
EndGlobal
